
Microsoft Visual Studio Solution File, Format Version 12.00
# Visual Studio Version 17
VisualStudioVersion = 17.1.32210.238
MinimumVisualStudioVersion = 10.0.40219.1
Project("{FAE04EC0-301F-11D3-BF4B-00C04F79EFBC}") = "BugTracker", "BugTracker.csproj", "{2BCED4E8-F44E-4C39-B252-F42DDAB301DF}"
EndProject
Global
	GlobalSection(SolutionConfigurationPlatforms) = preSolution
		Debug|Any CPU = Debug|Any CPU
		Release|Any CPU = Release|Any CPU
	EndGlobalSection
	GlobalSection(ProjectConfigurationPlatforms) = postSolution
		{2BCED4E8-F44E-4C39-B252-F42DDAB301DF}.Debug|Any CPU.ActiveCfg = Debug|Any CPU
		{2BCED4E8-F44E-4C39-B252-F42DDAB301DF}.Debug|Any CPU.Build.0 = Debug|Any CPU
		{2BCED4E8-F44E-4C39-B252-F42DDAB301DF}.Release|Any CPU.ActiveCfg = Release|Any CPU
		{2BCED4E8-F44E-4C39-B252-F42DDAB301DF}.Release|Any CPU.Build.0 = Release|Any CPU
	EndGlobalSection
	GlobalSection(SolutionProperties) = preSolution
		HideSolutionNode = FALSE
	EndGlobalSection
	GlobalSection(ExtensibilityGlobals) = postSolution
		SolutionGuid = {838195C4-55CA-4C10-8DFE-DA22B3B73E95}
	EndGlobalSection
EndGlobal
